
Microsoft Visual Studio Solution File, Format Version 12.00
# Visual Studio Version 16
VisualStudioVersion = 16.0.30621.155
MinimumVisualStudioVersion = 10.0.40219.1
Project("{FAE04EC0-301F-11D3-BF4B-00C04F79EFBC}") = "manual", "manual\manual.csproj", "{8B9B3259-34D6-4F74-A6CA-434A1937930C}"
EndProject
Project("{FAE04EC0-301F-11D3-BF4B-00C04F79EFBC}") = "jairnaza", "..\jairnaza\jairnaza\jairnaza.csproj", "{651EA326-9143-4BB9-BC43-65F2A5595000}"
EndProject
Global
	GlobalSection(SolutionConfigurationPlatforms) = preSolution
		Debug|Any CPU = Debug|Any CPU
		Release|Any CPU = Release|Any CPU
	EndGlobalSection
	GlobalSection(ProjectConfigurationPlatforms) = postSolution
		{8B9B3259-34D6-4F74-A6CA-434A1937930C}.Debug|Any CPU.ActiveCfg = Debug|Any CPU
		{8B9B3259-34D6-4F74-A6CA-434A1937930C}.Debug|Any CPU.Build.0 = Debug|Any CPU
		{8B9B3259-34D6-4F74-A6CA-434A1937930C}.Release|Any CPU.ActiveCfg = Release|Any CPU
		{8B9B3259-34D6-4F74-A6CA-434A1937930C}.Release|Any CPU.Build.0 = Release|Any CPU
		{651EA326-9143-4BB9-BC43-65F2A5595000}.Debug|Any CPU.ActiveCfg = Debug|Any CPU
		{651EA326-9143-4BB9-BC43-65F2A5595000}.Debug|Any CPU.Build.0 = Debug|Any CPU
		{651EA326-9143-4BB9-BC43-65F2A5595000}.Release|Any CPU.ActiveCfg = Release|Any CPU
		{651EA326-9143-4BB9-BC43-65F2A5595000}.Release|Any CPU.Build.0 = Release|Any CPU
	EndGlobalSection
	GlobalSection(SolutionProperties) = preSolution
		HideSolutionNode = FALSE
	EndGlobalSection
	GlobalSection(ExtensibilityGlobals) = postSolution
		SolutionGuid = {97B00852-BE99-4B29-95C8-6CC4F648BF0A}
	EndGlobalSection
EndGlobal
